// !$*UTF8*$!
{
	archiveVersion = 1;
	classes = {
	};
	objectVersion = 56;
	objects = {

/* Begin PBXBuildFile section */
		3E5714592C4B1BE400AD3336 /* Diabuddy4App.swift in Sources */ = {isa = PBXBuildFile; fileRef = 3E5714582C4B1BE400AD3336 /* Diabuddy4App.swift */; };
		3E57145B2C4B1BE500AD3336 /* ContentView.swift in Sources */ = {isa = PBXBuildFile; fileRef = 3E57145A2C4B1BE500AD3336 /* ContentView.swift */; };
		3E57145D2C4B1BE600AD3336 /* Assets.xcassets in Resources */ = {isa = PBXBuildFile; fileRef = 3E57145C2C4B1BE600AD3336 /* Assets.xcassets */; };
		3E5714602C4B1BE600AD3336 /* Preview Assets.xcassets in Resources */ = {isa = PBXBuildFile; fileRef = 3E57145F2C4B1BE600AD3336 /* Preview Assets.xcassets */; };
		3E57146A2C4B1BE700AD3336 /* Diabuddy4Tests.swift in Sources */ = {isa = PBXBuildFile; fileRef = 3E5714692C4B1BE700AD3336 /* Diabuddy4Tests.swift */; };
		3E5714742C4B1BE700AD3336 /* Diabuddy4UITests.swift in Sources */ = {isa = PBXBuildFile; fileRef = 3E5714732C4B1BE700AD3336 /* Diabuddy4UITests.swift */; };
		3E5714762C4B1BE700AD3336 /* Diabuddy4UITestsLaunchTests.swift in Sources */ = {isa = PBXBuildFile; fileRef = 3E5714752C4B1BE700AD3336 /* Diabuddy4UITestsLaunchTests.swift */; };
/* End PBXBuildFile section */

/* Begin PBXContainerItemProxy section */
		3E5714662C4B1BE700AD3336 /* PBXContainerItemProxy */ = {
			isa = PBXContainerItemProxy;
			containerPortal = 3E57144D2C4B1BE400AD3336 /* Project object */;
			proxyType = 1;
			remoteGlobalIDString = 3E5714542C4B1BE400AD3336;
			remoteInfo = Diabuddy4;
		};
		3E5714702C4B1BE700AD3336 /* PBXContainerItemProxy */ = {
			isa = PBXContainerItemProxy;
			containerPortal = 3E57144D2C4B1BE400AD3336 /* Project object */;
			proxyType = 1;
			remoteGlobalIDString = 3E5714542C4B1BE400AD3336;
			remoteInfo = Diabuddy4;
		};
/* End PBXContainerItemProxy section */

/* Begin PBXFileReference section */
		3E5714552C4B1BE400AD3336 /* Diabuddy4.app */ = {isa = PBXFileReference; explicitFileType = wrapper.application; includeInIndex = 0; path = Diabuddy4.app; sourceTree = BUILT_PRODUCTS_DIR; };
		3E5714582C4B1BE400AD3336 /* Diabuddy4App.swift */ = {isa = PBXFileReference; lastKnownFileType = sourcecode.swift; path = Diabuddy4App.swift; sourceTree = "<group>"; };
		3E57145A2C4B1BE500AD3336 /* ContentView.swift */ = {isa = PBXFileReference; lastKnownFileType = sourcecode.swift; path = ContentView.swift; sourceTree = "<group>"; };
		3E57145C2C4B1BE600AD3336 /* Assets.xcassets */ = {isa = PBXFileReference; lastKnownFileType = folder.assetcatalog; path = Assets.xcassets; sourceTree = "<group>"; };
		3E57145F2C4B1BE600AD3336 /* Preview Assets.xcassets */ = {isa = PBXFileReference; lastKnownFileType = folder.assetcatalog; path = "Preview Assets.xcassets"; sourceTree = "<group>"; };
		3E5714652C4B1BE700AD3336 /* Diabuddy4Tests.xctest */ = {isa = PBXFileReference; explicitFileType = wrapper.cfbundle; includeInIndex = 0; path = Diabuddy4Tests.xctest; sourceTree = BUILT_PRODUCTS_DIR; };
		3E5714692C4B1BE700AD3336 /* Diabuddy4Tests.swift */ = {isa = PBXFileReference; lastKnownFileType = sourcecode.swift; path = Diabuddy4Tests.swift; sourceTree = "<group>"; };
		3E57146F2C4B1BE700AD3336 /* Diabuddy4UITests.xctest */ = {isa = PBXFileReference; explicitFileType = wrapper.cfbundle; includeInIndex = 0; path = Diabuddy4UITests.xctest; sourceTree = BUILT_PRODUCTS_DIR; };
		3E5714732C4B1BE700AD3336 /* Diabuddy4UITests.swift */ = {isa = PBXFileReference; lastKnownFileType = sourcecode.swift; path = Diabuddy4UITests.swift; sourceTree = "<group>"; };
		3E5714752C4B1BE700AD3336 /* Diabuddy4UITestsLaunchTests.swift */ = {isa = PBXFileReference; lastKnownFileType = sourcecode.swift; path = Diabuddy4UITestsLaunchTests.swift; sourceTree = "<group>"; };
/* End PBXFileReference section */

/* Begin PBXFrameworksBuildPhase section */
		3E5714522C4B1BE400AD3336 /* Frameworks */ = {
			isa = PBXFrameworksBuildPhase;
			buildActionMask = 2147483647;
			files = (
			);
			runOnlyForDeploymentPostprocessing = 0;
		};
		3E5714622C4B1BE700AD3336 /* Frameworks */ = {
			isa = PBXFrameworksBuildPhase;
			buildActionMask = 2147483647;
			files = (
			);
			runOnlyForDeploymentPostprocessing = 0;
		};
		3E57146C2C4B1BE700AD3336 /* Frameworks */ = {
			isa = PBXFrameworksBuildPhase;
			buildActionMask = 2147483647;
			files = (
			);
			runOnlyForDeploymentPostprocessing = 0;
		};
/* End PBXFrameworksBuildPhase section */

/* Begin PBXGroup section */
		3E57144C2C4B1BE400AD3336 = {
			isa = PBXGroup;
			children = (
				3E5714572C4B1BE400AD3336 /* Diabuddy4 */,
				3E5714682C4B1BE700AD3336 /* Diabuddy4Tests */,
				3E5714722C4B1BE700AD3336 /* Diabuddy4UITests */,
				3E5714562C4B1BE400AD3336 /* Products */,
			);
			sourceTree = "<group>";
		};
		3E5714562C4B1BE400AD3336 /* Products */ = {
			isa = PBXGroup;
			children = (
				3E5714552C4B1BE400AD3336 /* Diabuddy4.app */,
				3E5714652C4B1BE700AD3336 /* Diabuddy4Tests.xctest */,
				3E57146F2C4B1BE700AD3336 /* Diabuddy4UITests.xctest */,
			);
			name = Products;
			sourceTree = "<group>";
		};
		3E5714572C4B1BE400AD3336 /* Diabuddy4 */ = {
			isa = PBXGroup;
			children = (
				3E5714582C4B1BE400AD3336 /* Diabuddy4App.swift */,
				3E57145A2C4B1BE500AD3336 /* ContentView.swift */,
				3E57145C2C4B1BE600AD3336 /* Assets.xcassets */,
				3E57145E2C4B1BE600AD3336 /* Preview Content */,
			);
			path = Diabuddy4;
			sourceTree = "<group>";
		};
		3E57145E2C4B1BE600AD3336 /* Preview Content */ = {
			isa = PBXGroup;
			children = (
				3E57145F2C4B1BE600AD3336 /* Preview Assets.xcassets */,
			);
			path = "Preview Content";
			sourceTree = "<group>";
		};
		3E5714682C4B1BE700AD3336 /* Diabuddy4Tests */ = {
			isa = PBXGroup;
			children = (
				3E5714692C4B1BE700AD3336 /* Diabuddy4Tests.swift */,
			);
			path = Diabuddy4Tests;
			sourceTree = "<group>";
		};
		3E5714722C4B1BE700AD3336 /* Diabuddy4UITests */ = {
			isa = PBXGroup;
			children = (
				3E5714732C4B1BE700AD3336 /* Diabuddy4UITests.swift */,
				3E5714752C4B1BE700AD3336 /* Diabuddy4UITestsLaunchTests.swift */,
			);
			path = Diabuddy4UITests;
			sourceTree = "<group>";
		};
/* End PBXGroup section */

/* Begin PBXNativeTarget section */
		3E5714542C4B1BE400AD3336 /* Diabuddy4 */ = {
			isa = PBXNativeTarget;
			buildConfigurationList = 3E5714792C4B1BE700AD3336 /* Build configuration list for PBXNativeTarget "Diabuddy4" */;
			buildPhases = (
				3E5714512C4B1BE400AD3336 /* Sources */,
				3E5714522C4B1BE400AD3336 /* Frameworks */,
				3E5714532C4B1BE400AD3336 /* Resources */,
			);
			buildRules = (
			);
			dependencies = (
			);
			name = Diabuddy4;
			productName = Diabuddy4;
			productReference = 3E5714552C4B1BE400AD3336 /* Diabuddy4.app */;
			productType = "com.apple.product-type.application";
		};
		3E5714642C4B1BE700AD3336 /* Diabuddy4Tests */ = {
			isa = PBXNativeTarget;
			buildConfigurationList = 3E57147C2C4B1BE700AD3336 /* Build configuration list for PBXNativeTarget "Diabuddy4Tests" */;
			buildPhases = (
				3E5714612C4B1BE700AD3336 /* Sources */,
				3E5714622C4B1BE700AD3336 /* Frameworks */,
				3E5714632C4B1BE700AD3336 /* Resources */,
			);
			buildRules = (
			);
			dependencies = (
				3E5714672C4B1BE700AD3336 /* PBXTargetDependency */,
			);
			name = Diabuddy4Tests;
			productName = Diabuddy4Tests;
			productReference = 3E5714652C4B1BE700AD3336 /* Diabuddy4Tests.xctest */;
			productType = "com.apple.product-type.bundle.unit-test";
		};
		3E57146E2C4B1BE700AD3336 /* Diabuddy4UITests */ = {
			isa = PBXNativeTarget;
			buildConfigurationList = 3E57147F2C4B1BE700AD3336 /* Build configuration list for PBXNativeTarget "Diabuddy4UITests" */;
			buildPhases = (
				3E57146B2C4B1BE700AD3336 /* Sources */,
				3E57146C2C4B1BE700AD3336 /* Frameworks */,
				3E57146D2C4B1BE700AD3336 /* Resources */,
			);
			buildRules = (
			);
			dependencies = (
				3E5714712C4B1BE700AD3336 /* PBXTargetDependency */,
			);
			name = Diabuddy4UITests;
			productName = Diabuddy4UITests;
			productReference = 3E57146F2C4B1BE700AD3336 /* Diabuddy4UITests.xctest */;
			productType = "com.apple.product-type.bundle.ui-testing";
		};
/* End PBXNativeTarget section */

/* Begin PBXProject section */
		3E57144D2C4B1BE400AD3336 /* Project object */ = {
			isa = PBXProject;
			attributes = {
				BuildIndependentTargetsInParallel = 1;
				LastSwiftUpdateCheck = 1540;
				LastUpgradeCheck = 1540;
				TargetAttributes = {
					3E5714542C4B1BE400AD3336 = {
						CreatedOnToolsVersion = 15.4;
					};
					3E5714642C4B1BE700AD3336 = {
						CreatedOnToolsVersion = 15.4;
						TestTargetID = 3E5714542C4B1BE400AD3336;
					};
					3E57146E2C4B1BE700AD3336 = {
						CreatedOnToolsVersion = 15.4;
						TestTargetID = 3E5714542C4B1BE400AD3336;
					};
				};
			};
			buildConfigurationList = 3E5714502C4B1BE400AD3336 /* Build configuration list for PBXProject "Diabuddy4" */;
			compatibilityVersion = "Xcode 14.0";
			developmentRegion = en;
			hasScannedForEncodings = 0;
			knownRegions = (
				en,
				Base,
			);
			mainGroup = 3E57144C2C4B1BE400AD3336;
			productRefGroup = 3E5714562C4B1BE400AD3336 /* Products */;
			projectDirPath = "";
			projectRoot = "";
			targets = (
				3E5714542C4B1BE400AD3336 /* Diabuddy4 */,
				3E5714642C4B1BE700AD3336 /* Diabuddy4Tests */,
				3E57146E2C4B1BE700AD3336 /* Diabuddy4UITests */,
			);
		};
/* End PBXProject section */

/* Begin PBXResourcesBuildPhase section */
		3E5714532C4B1BE400AD3336 /* Resources */ = {
			isa = PBXResourcesBuildPhase;
			buildActionMask = 2147483647;
			files = (
				3E5714602C4B1BE600AD3336 /* Preview Assets.xcassets in Resources */,
				3E57145D2C4B1BE600AD3336 /* Assets.xcassets in Resources */,
			);
			runOnlyForDeploymentPostprocessing = 0;
		};
		3E5714632C4B1BE700AD3336 /* Resources */ = {
			isa = PBXResourcesBuildPhase;
			buildActionMask = 2147483647;
			files = (
			);
			runOnlyForDeploymentPostprocessing = 0;
		};
		3E57146D2C4B1BE700AD3336 /* Resources */ = {
			isa = PBXResourcesBuildPhase;
			buildActionMask = 2147483647;
			files = (
			);
			runOnlyForDeploymentPostprocessing = 0;
		};
/* End PBXResourcesBuildPhase section */

/* Begin PBXSourcesBuildPhase section */
		3E5714512C4B1BE400AD3336 /* Sources */ = {
			isa = PBXSourcesBuildPhase;
			buildActionMask = 2147483647;
			files = (
				3E57145B2C4B1BE500AD3336 /* ContentView.swift in Sources */,
				3E5714592C4B1BE400AD3336 /* Diabuddy4App.swift in Sources */,
			);
			runOnlyForDeploymentPostprocessing = 0;
		};
		3E5714612C4B1BE700AD3336 /* Sources */ = {
			isa = PBXSourcesBuildPhase;
			buildActionMask = 2147483647;
			files = (
				3E57146A2C4B1BE700AD3336 /* Diabuddy4Tests.swift in Sources */,
			);
			runOnlyForDeploymentPostprocessing = 0;
		};
		3E57146B2C4B1BE700AD3336 /* Sources */ = {
			isa = PBXSourcesBuildPhase;
			buildActionMask = 2147483647;
			files = (
				3E5714742C4B1BE700AD3336 /* Diabuddy4UITests.swift in Sources */,
				3E5714762C4B1BE700AD3336 /* Diabuddy4UITestsLaunchTests.swift in Sources */,
			);
			runOnlyForDeploymentPostprocessing = 0;
		};
/* End PBXSourcesBuildPhase section */

/* Begin PBXTargetDependency section */
		3E5714672C4B1BE700AD3336 /* PBXTargetDependency */ = {
			isa = PBXTargetDependency;
			target = 3E5714542C4B1BE400AD3336 /* Diabuddy4 */;
			targetProxy = 3E5714662C4B1BE700AD3336 /* PBXContainerItemProxy */;
		};
		3E5714712C4B1BE700AD3336 /* PBXTargetDependency */ = {
			isa = PBXTargetDependency;
			target = 3E5714542C4B1BE400AD3336 /* Diabuddy4 */;
			targetProxy = 3E5714702C4B1BE700AD3336 /* PBXContainerItemProxy */;
		};
/* End PBXTargetDependency section */

/* Begin XCBuildConfiguration section */
		3E5714772C4B1BE700AD3336 /* Debug */ = {
			isa = XCBuildConfiguration;
			buildSettings = {
				ALWAYS_SEARCH_USER_PATHS = NO;
				ASSETCATALOG_COMPILER_GENERATE_SWIFT_ASSET_SYMBOL_EXTENSIONS = YES;
				CLANG_ANALYZER_NONNULL = YES;
				CLANG_ANALYZER_NUMBER_OBJECT_CONVERSION = YES_AGGRESSIVE;
				CLANG_CXX_LANGUAGE_STANDARD = "gnu++20";
				CLANG_ENABLE_MODULES = YES;
				CLANG_ENABLE_OBJC_ARC = YES;
				CLANG_ENABLE_OBJC_WEAK = YES;
				CLANG_WARN_BLOCK_CAPTURE_AUTORELEASING = YES;
				CLANG_WARN_BOOL_CONVERSION = YES;
				CLANG_WARN_COMMA = YES;
				CLANG_WARN_CONSTANT_CONVERSION = YES;
				CLANG_WARN_DEPRECATED_OBJC_IMPLEMENTATIONS = YES;
				CLANG_WARN_DIRECT_OBJC_ISA_USAGE = YES_ERROR;
				CLANG_WARN_DOCUMENTATION_COMMENTS = YES;
				CLANG_WARN_EMPTY_BODY = YES;
				CLANG_WARN_ENUM_CONVERSION = YES;
				CLANG_WARN_INFINITE_RECURSION = YES;
				CLANG_WARN_INT_CONVERSION = YES;
				CLANG_WARN_NON_LITERAL_NULL_CONVERSION = YES;
				CLANG_WARN_OBJC_IMPLICIT_RETAIN_SELF = YES;
				CLANG_WARN_OBJC_LITERAL_CONVERSION = YES;
				CLANG_WARN_OBJC_ROOT_CLASS = YES_ERROR;
				CLANG_WARN_QUOTED_INCLUDE_IN_FRAMEWORK_HEADER = YES;
				CLANG_WARN_RANGE_LOOP_ANALYSIS = YES;
				CLANG_WARN_STRICT_PROTOTYPES = YES;
				CLANG_WARN_SUSPICIOUS_MOVE = YES;
				CLANG_WARN_UNGUARDED_AVAILABILITY = YES_AGGRESSIVE;
				CLANG_WARN_UNREACHABLE_CODE = YES;
				CLANG_WARN__DUPLICATE_METHOD_MATCH = YES;
				COPY_PHASE_STRIP = NO;
				DEBUG_INFORMATION_FORMAT = dwarf;
				ENABLE_STRICT_OBJC_MSGSEND = YES;
				ENABLE_TESTABILITY = YES;
				ENABLE_USER_SCRIPT_SANDBOXING = YES;
				GCC_C_LANGUAGE_STANDARD = gnu17;
				GCC_DYNAMIC_NO_PIC = NO;
				GCC_NO_COMMON_BLOCKS = YES;
				GCC_OPTIMIZATION_LEVEL = 0;
				GCC_PREPROCESSOR_DEFINITIONS = (
					"DEBUG=1",
					"$(inherited)",
				);
				GCC_WARN_64_TO_32_BIT_CONVERSION = YES;
				GCC_WARN_ABOUT_RETURN_TYPE = YES_ERROR;
				GCC_WARN_UNDECLARED_SELECTOR = YES;
				GCC_WARN_UNINITIALIZED_AUTOS = YES_AGGRESSIVE;
				GCC_WARN_UNUSED_FUNCTION = YES;
				GCC_WARN_UNUSED_VARIABLE = YES;
				IPHONEOS_DEPLOYMENT_TARGET = 17.5;
				LOCALIZATION_PREFERS_STRING_CATALOGS = YES;
				MTL_ENABLE_DEBUG_INFO = INCLUDE_SOURCE;
				MTL_FAST_MATH = YES;
				ONLY_ACTIVE_ARCH = YES;
				SDKROOT = iphoneos;
				SWIFT_ACTIVE_COMPILATION_CONDITIONS = "DEBUG $(inherited)";
				SWIFT_OPTIMIZATION_LEVEL = "-Onone";
			};
			name = Debug;
		};
		3E5714782C4B1BE700AD3336 /* Release */ = {
			isa = XCBuildConfiguration;
			buildSettings = {
				ALWAYS_SEARCH_USER_PATHS = NO;
				ASSETCATALOG_COMPILER_GENERATE_SWIFT_ASSET_SYMBOL_EXTENSIONS = YES;
				CLANG_ANALYZER_NONNULL = YES;
				CLANG_ANALYZER_NUMBER_OBJECT_CONVERSION = YES_AGGRESSIVE;
				CLANG_CXX_LANGUAGE_STANDARD = "gnu++20";
				CLANG_ENABLE_MODULES = YES;
				CLANG_ENABLE_OBJC_ARC = YES;
				CLANG_ENABLE_OBJC_WEAK = YES;
				CLANG_WARN_BLOCK_CAPTURE_AUTORELEASING = YES;
				CLANG_WARN_BOOL_CONVERSION = YES;
				CLANG_WARN_COMMA = YES;
				CLANG_WARN_CONSTANT_CONVERSION = YES;
				CLANG_WARN_DEPRECATED_OBJC_IMPLEMENTATIONS = YES;
				CLANG_WARN_DIRECT_OBJC_ISA_USAGE = YES_ERROR;
				CLANG_WARN_DOCUMENTATION_COMMENTS = YES;
				CLANG_WARN_EMPTY_BODY = YES;
				CLANG_WARN_ENUM_CONVERSION = YES;
				CLANG_WARN_INFINITE_RECURSION = YES;
				CLANG_WARN_INT_CONVERSION = YES;
				CLANG_WARN_NON_LITERAL_NULL_CONVERSION = YES;
				CLANG_WARN_OBJC_IMPLICIT_RETAIN_SELF = YES;
				CLANG_WARN_OBJC_LITERAL_CONVERSION = YES;
				CLANG_WARN_OBJC_ROOT_CLASS = YES_ERROR;
				CLANG_WARN_QUOTED_INCLUDE_IN_FRAMEWORK_HEADER = YES;
				CLANG_WARN_RANGE_LOOP_ANALYSIS = YES;
				CLANG_WARN_STRICT_PROTOTYPES = YES;
				CLANG_WARN_SUSPICIOUS_MOVE = YES;
				CLANG_WARN_UNGUARDED_AVAILABILITY = YES_AGGRESSIVE;
				CLANG_WARN_UNREACHABLE_CODE = YES;
				CLANG_WARN__DUPLICATE_METHOD_MATCH = YES;
				COPY_PHASE_STRIP = NO;
				DEBUG_INFORMATION_FORMAT = "dwarf-with-dsym";
				ENABLE_NS_ASSERTIONS = NO;
				ENABLE_STRICT_OBJC_MSGSEND = YES;
				ENABLE_USER_SCRIPT_SANDBOXING = YES;
				GCC_C_LANGUAGE_STANDARD = gnu17;
				GCC_NO_COMMON_BLOCKS = YES;
				GCC_WARN_64_TO_32_BIT_CONVERSION = YES;
				GCC_WARN_ABOUT_RETURN_TYPE = YES_ERROR;
				GCC_WARN_UNDECLARED_SELECTOR = YES;
				GCC_WARN_UNINITIALIZED_AUTOS = YES_AGGRESSIVE;
				GCC_WARN_UNUSED_FUNCTION = YES;
				GCC_WARN_UNUSED_VARIABLE = YES;
				IPHONEOS_DEPLOYMENT_TARGET = 17.5;
				LOCALIZATION_PREFERS_STRING_CATALOGS = YES;
				MTL_ENABLE_DEBUG_INFO = NO;
				MTL_FAST_MATH = YES;
				SDKROOT = iphoneos;
				SWIFT_COMPILATION_MODE = wholemodule;
				VALIDATE_PRODUCT = YES;
			};
			name = Release;
		};
		3E57147A2C4B1BE700AD3336 /* Debug */ = {
			isa = XCBuildConfiguration;
			buildSettings = {
				ASSETCATALOG_COMPILER_APPICON_NAME = AppIcon;
				ASSETCATALOG_COMPILER_GLOBAL_ACCENT_COLOR_NAME = AccentColor;
				CODE_SIGN_STYLE = Automatic;
				CURRENT_PROJECT_VERSION = 1;
				DEVELOPMENT_ASSET_PATHS = "\"Diabuddy4/Preview Content\"";
				DEVELOPMENT_TEAM = CRM2R8D5R4;
				ENABLE_PREVIEWS = YES;
				GENERATE_INFOPLIST_FILE = YES;
				INFOPLIST_KEY_UIApplicationSceneManifest_Generation = YES;
				INFOPLIST_KEY_UIApplicationSupportsIndirectInputEvents = YES;
				INFOPLIST_KEY_UILaunchScreen_Generation = YES;
				INFOPLIST_KEY_UISupportedInterfaceOrientations_iPad = "UIInterfaceOrientationPortrait UIInterfaceOrientationPortraitUpsideDown UIInterfaceOrientationLandscapeLeft UIInterfaceOrientationLandscapeRight";
				INFOPLIST_KEY_UISupportedInterfaceOrientations_iPhone = "UIInterfaceOrientationPortrait UIInterfaceOrientationLandscapeLeft UIInterfaceOrientationLandscapeRight";
				LD_RUNPATH_SEARCH_PATHS = (
					"$(inherited)",
					"@executable_path/Frameworks",
				);
				MARKETING_VERSION = 1.0;
				PRODUCT_BUNDLE_IDENTIFIER = com.diabuddy4.Diabuddy4;
				PRODUCT_NAME = "$(TARGET_NAME)";
				SWIFT_EMIT_LOC_STRINGS = YES;
				SWIFT_VERSION = 5.0;
				TARGETED_DEVICE_FAMILY = "1,2";
			};
			name = Debug;
		};
		3E57147B2C4B1BE700AD3336 /* Release */ = {
			isa = XCBuildConfiguration;
			buildSettings = {
				ASSETCATALOG_COMPILER_APPICON_NAME = AppIcon;
				ASSETCATALOG_COMPILER_GLOBAL_ACCENT_COLOR_NAME = AccentColor;
				CODE_SIGN_STYLE = Automatic;
				CURRENT_PROJECT_VERSION = 1;
				DEVELOPMENT_ASSET_PATHS = "\"Diabuddy4/Preview Content\"";
				DEVELOPMENT_TEAM = CRM2R8D5R4;
				ENABLE_PREVIEWS = YES;
				GENERATE_INFOPLIST_FILE = YES;
				INFOPLIST_KEY_UIApplicationSceneManifest_Generation = YES;
				INFOPLIST_KEY_UIApplicationSupportsIndirectInputEvents = YES;
				INFOPLIST_KEY_UILaunchScreen_Generation = YES;
				INFOPLIST_KEY_UISupportedInterfaceOrientations_iPad = "UIInterfaceOrientationPortrait UIInterfaceOrientationPortraitUpsideDown UIInterfaceOrientationLandscapeLeft UIInterfaceOrientationLandscapeRight";
				INFOPLIST_KEY_UISupportedInterfaceOrientations_iPhone = "UIInterfaceOrientationPortrait UIInterfaceOrientationLandscapeLeft UIInterfaceOrientationLandscapeRight";
				LD_RUNPATH_SEARCH_PATHS = (
					"$(inherited)",
					"@executable_path/Frameworks",
				);
				MARKETING_VERSION = 1.0;
				PRODUCT_BUNDLE_IDENTIFIER = com.diabuddy4.Diabuddy4;
				PRODUCT_NAME = "$(TARGET_NAME)";
				SWIFT_EMIT_LOC_STRINGS = YES;
				SWIFT_VERSION = 5.0;
				TARGETED_DEVICE_FAMILY = "1,2";
			};
			name = Release;
		};
		3E57147D2C4B1BE700AD3336 /* Debug */ = {
			isa = XCBuildConfiguration;
			buildSettings = {
				ALWAYS_EMBED_SWIFT_STANDARD_LIBRARIES = YES;
				BUNDLE_LOADER = "$(TEST_HOST)";
				CODE_SIGN_STYLE = Automatic;
				CURRENT_PROJECT_VERSION = 1;
				DEVELOPMENT_TEAM = CRM2R8D5R4;
				GENERATE_INFOPLIST_FILE = YES;
				IPHONEOS_DEPLOYMENT_TARGET = 17.5;
				MARKETING_VERSION = 1.0;
				PRODUCT_BUNDLE_IDENTIFIER = com.diabuddy4.Diabuddy4Tests;
				PRODUCT_NAME = "$(TARGET_NAME)";
				SWIFT_EMIT_LOC_STRINGS = NO;
				SWIFT_VERSION = 5.0;
				TARGETED_DEVICE_FAMILY = "1,2";
				TEST_HOST = "$(BUILT_PRODUCTS_DIR)/Diabuddy4.app/$(BUNDLE_EXECUTABLE_FOLDER_PATH)/Diabuddy4";
			};
			name = Debug;
		};
		3E57147E2C4B1BE700AD3336 /* Release */ = {
			isa = XCBuildConfiguration;
			buildSettings = {
				ALWAYS_EMBED_SWIFT_STANDARD_LIBRARIES = YES;
				BUNDLE_LOADER = "$(TEST_HOST)";
				CODE_SIGN_STYLE = Automatic;
				CURRENT_PROJECT_VERSION = 1;
				DEVELOPMENT_TEAM = CRM2R8D5R4;
				GENERATE_INFOPLIST_FILE = YES;
				IPHONEOS_DEPLOYMENT_TARGET = 17.5;
				MARKETING_VERSION = 1.0;
				PRODUCT_BUNDLE_IDENTIFIER = com.diabuddy4.Diabuddy4Tests;
				PRODUCT_NAME = "$(TARGET_NAME)";
				SWIFT_EMIT_LOC_STRINGS = NO;
				SWIFT_VERSION = 5.0;
				TARGETED_DEVICE_FAMILY = "1,2";
				TEST_HOST = "$(BUILT_PRODUCTS_DIR)/Diabuddy4.app/$(BUNDLE_EXECUTABLE_FOLDER_PATH)/Diabuddy4";
			};
			name = Release;
		};
		3E5714802C4B1BE700AD3336 /* Debug */ = {
			isa = XCBuildConfiguration;
			buildSettings = {
				ALWAYS_EMBED_SWIFT_STANDARD_LIBRARIES = YES;
				CODE_SIGN_STYLE = Automatic;
				CURRENT_PROJECT_VERSION = 1;
				DEVELOPMENT_TEAM = CRM2R8D5R4;
				GENERATE_INFOPLIST_FILE = YES;
				MARKETING_VERSION = 1.0;
				PRODUCT_BUNDLE_IDENTIFIER = com.diabuddy4.Diabuddy4UITests;
				PRODUCT_NAME = "$(TARGET_NAME)";
				SWIFT_EMIT_LOC_STRINGS = NO;
				SWIFT_VERSION = 5.0;
				TARGETED_DEVICE_FAMILY = "1,2";
				TEST_TARGET_NAME = Diabuddy4;
			};
			name = Debug;
		};
		3E5714812C4B1BE700AD3336 /* Release */ = {
			isa = XCBuildConfiguration;
			buildSettings = {
				ALWAYS_EMBED_SWIFT_STANDARD_LIBRARIES = YES;
				CODE_SIGN_STYLE = Automatic;
				CURRENT_PROJECT_VERSION = 1;
				DEVELOPMENT_TEAM = CRM2R8D5R4;
				GENERATE_INFOPLIST_FILE = YES;
				MARKETING_VERSION = 1.0;
				PRODUCT_BUNDLE_IDENTIFIER = com.diabuddy4.Diabuddy4UITests;
				PRODUCT_NAME = "$(TARGET_NAME)";
				SWIFT_EMIT_LOC_STRINGS = NO;
				SWIFT_VERSION = 5.0;
				TARGETED_DEVICE_FAMILY = "1,2";
				TEST_TARGET_NAME = Diabuddy4;
			};
			name = Release;
		};
/* End XCBuildConfiguration section */

/* Begin XCConfigurationList section */
		3E5714502C4B1BE400AD3336 /* Build configuration list for PBXProject "Diabuddy4" */ = {
			isa = XCConfigurationList;
			buildConfigurations = (
				3E5714772C4B1BE700AD3336 /* Debug */,
				3E5714782C4B1BE700AD3336 /* Release */,
			);
			defaultConfigurationIsVisible = 0;
			defaultConfigurationName = Release;
		};
		3E5714792C4B1BE700AD3336 /* Build configuration list for PBXNativeTarget "Diabuddy4" */ = {
			isa = XCConfigurationList;
			buildConfigurations = (
				3E57147A2C4B1BE700AD3336 /* Debug */,
				3E57147B2C4B1BE700AD3336 /* Release */,
			);
			defaultConfigurationIsVisible = 0;
			defaultConfigurationName = Release;
		};
		3E57147C2C4B1BE700AD3336 /* Build configuration list for PBXNativeTarget "Diabuddy4Tests" */ = {
			isa = XCConfigurationList;
			buildConfigurations = (
				3E57147D2C4B1BE700AD3336 /* Debug */,
				3E57147E2C4B1BE700AD3336 /* Release */,
			);
			defaultConfigurationIsVisible = 0;
			defaultConfigurationName = Release;
		};
		3E57147F2C4B1BE700AD3336 /* Build configuration list for PBXNativeTarget "Diabuddy4UITests" */ = {
			isa = XCConfigurationList;
			buildConfigurations = (
				3E5714802C4B1BE700AD3336 /* Debug */,
				3E5714812C4B1BE700AD3336 /* Release */,
			);
			defaultConfigurationIsVisible = 0;
			defaultConfigurationName = Release;
		};
/* End XCConfigurationList section */
	};
	rootObject = 3E57144D2C4B1BE400AD3336 /* Project object */;
}
